
Microsoft Visual Studio Solution File, Format Version 12.00
# Visual Studio 15
VisualStudioVersion = 15.0.28307.489
MinimumVisualStudioVersion = 10.0.40219.1
Project("{FAE04EC0-301F-11D3-BF4B-00C04F79EFBC}") = "CRM", "CRM\CRM.csproj", "{3DA1D5D6-2270-46D4-BF50-D80EB2308F45}"
EndProject
Global
	GlobalSection(SolutionConfigurationPlatforms) = preSolution
		Debug|Any CPU = Debug|Any CPU
		Release|Any CPU = Release|Any CPU
	EndGlobalSection
	GlobalSection(ProjectConfigurationPlatforms) = postSolution
		{3DA1D5D6-2270-46D4-BF50-D80EB2308F45}.Debug|Any CPU.ActiveCfg = Debug|Any CPU
		{3DA1D5D6-2270-46D4-BF50-D80EB2308F45}.Debug|Any CPU.Build.0 = Debug|Any CPU
		{3DA1D5D6-2270-46D4-BF50-D80EB2308F45}.Release|Any CPU.ActiveCfg = Release|Any CPU
		{3DA1D5D6-2270-46D4-BF50-D80EB2308F45}.Release|Any CPU.Build.0 = Release|Any CPU
	EndGlobalSection
	GlobalSection(SolutionProperties) = preSolution
		HideSolutionNode = FALSE
	EndGlobalSection
	GlobalSection(ExtensibilityGlobals) = postSolution
		SolutionGuid = {C89C84D4-102D-4764-839A-E98CE2955015}
	EndGlobalSection
EndGlobal
